
Microsoft Visual Studio Solution File, Format Version 12.00
# Visual Studio Version 17
VisualStudioVersion = 17.7.34031.279
MinimumVisualStudioVersion = 10.0.40219.1
Project("{9A19103F-16F7-4668-BE54-9A1E7A4F7556}") = "PocketGoogle", "PocketGoogle.csproj", "{415EDA3D-835D-405A-A1B6-73DD65C52448}"
EndProject
Global
	GlobalSection(SolutionConfigurationPlatforms) = preSolution
		Debug|Any CPU = Debug|Any CPU
		Release|Any CPU = Release|Any CPU
	EndGlobalSection
	GlobalSection(ProjectConfigurationPlatforms) = postSolution
		{415EDA3D-835D-405A-A1B6-73DD65C52448}.Debug|Any CPU.ActiveCfg = Debug|Any CPU
		{415EDA3D-835D-405A-A1B6-73DD65C52448}.Debug|Any CPU.Build.0 = Debug|Any CPU
		{415EDA3D-835D-405A-A1B6-73DD65C52448}.Release|Any CPU.ActiveCfg = Release|Any CPU
		{415EDA3D-835D-405A-A1B6-73DD65C52448}.Release|Any CPU.Build.0 = Release|Any CPU
	EndGlobalSection
	GlobalSection(SolutionProperties) = preSolution
		HideSolutionNode = FALSE
	EndGlobalSection
	GlobalSection(ExtensibilityGlobals) = postSolution
		SolutionGuid = {D24B4EAD-CA42-4317-9921-AE0DB3309016}
	EndGlobalSection
EndGlobal
